// !$*UTF8*$!
{
	archiveVersion = 1;
	classes = {
	};
	objectVersion = 77;
	objects = {

/* Begin PBXContainerItemProxy section */
		48ADE9642E2C37C100A39592 /* PBXContainerItemProxy */ = {
			isa = PBXContainerItemProxy;
			containerPortal = 48ADE94B2E2C37C000A39592 /* Project object */;
			proxyType = 1;
			remoteGlobalIDString = 48ADE9522E2C37C000A39592;
			remoteInfo = Chroncurrency;
		};
		48ADE96E2E2C37C100A39592 /* PBXContainerItemProxy */ = {
			isa = PBXContainerItemProxy;
			containerPortal = 48ADE94B2E2C37C000A39592 /* Project object */;
			proxyType = 1;
			remoteGlobalIDString = 48ADE9522E2C37C000A39592;
			remoteInfo = Chroncurrency;
		};
/* End PBXContainerItemProxy section */

/* Begin PBXFileReference section */
		48ADE9532E2C37C000A39592 /* Chroncurrency.app */ = {isa = PBXFileReference; explicitFileType = wrapper.application; includeInIndex = 0; path = Chroncurrency.app; sourceTree = BUILT_PRODUCTS_DIR; };
		48ADE9632E2C37C100A39592 /* ChroncurrencyTests.xctest */ = {isa = PBXFileReference; explicitFileType = wrapper.cfbundle; includeInIndex = 0; path = ChroncurrencyTests.xctest; sourceTree = BUILT_PRODUCTS_DIR; };
		48ADE96D2E2C37C100A39592 /* ChroncurrencyUITests.xctest */ = {isa = PBXFileReference; explicitFileType = wrapper.cfbundle; includeInIndex = 0; path = ChroncurrencyUITests.xctest; sourceTree = BUILT_PRODUCTS_DIR; };
/* End PBXFileReference section */

/* Begin PBXFileSystemSynchronizedRootGroup section */
		48ADE9552E2C37C000A39592 /* Chroncurrency */ = {
			isa = PBXFileSystemSynchronizedRootGroup;
			path = Chroncurrency;
			sourceTree = "<group>";
		};
		48ADE9662E2C37C100A39592 /* ChroncurrencyTests */ = {
			isa = PBXFileSystemSynchronizedRootGroup;
			path = ChroncurrencyTests;
			sourceTree = "<group>";
		};
		48ADE9702E2C37C100A39592 /* ChroncurrencyUITests */ = {
			isa = PBXFileSystemSynchronizedRootGroup;
			path = ChroncurrencyUITests;
			sourceTree = "<group>";
		};
		48ADE99D2E2C4C6600A39592 /* Sheets */ = {
			isa = PBXFileSystemSynchronizedRootGroup;
			path = Sheets;
			sourceTree = "<group>";
		};
/* End PBXFileSystemSynchronizedRootGroup section */

/* Begin PBXFrameworksBuildPhase section */
		48ADE9502E2C37C000A39592 /* Frameworks */ = {
			isa = PBXFrameworksBuildPhase;
			buildActionMask = 2147483647;
			files = (
			);
			runOnlyForDeploymentPostprocessing = 0;
		};
		48ADE9602E2C37C100A39592 /* Frameworks */ = {
			isa = PBXFrameworksBuildPhase;
			buildActionMask = 2147483647;
			files = (
			);
			runOnlyForDeploymentPostprocessing = 0;
		};
		48ADE96A2E2C37C100A39592 /* Frameworks */ = {
			isa = PBXFrameworksBuildPhase;
			buildActionMask = 2147483647;
			files = (
			);
			runOnlyForDeploymentPostprocessing = 0;
		};
/* End PBXFrameworksBuildPhase section */

/* Begin PBXGroup section */
		48ADE94A2E2C37C000A39592 = {
			isa = PBXGroup;
			children = (
				48ADE9552E2C37C000A39592 /* Chroncurrency */,
				48ADE9662E2C37C100A39592 /* ChroncurrencyTests */,
				48ADE9702E2C37C100A39592 /* ChroncurrencyUITests */,
				48ADE9542E2C37C000A39592 /* Products */,
				48ADE99D2E2C4C6600A39592 /* Sheets */,
			);
			sourceTree = "<group>";
		};
		48ADE9542E2C37C000A39592 /* Products */ = {
			isa = PBXGroup;
			children = (
				48ADE9532E2C37C000A39592 /* Chroncurrency.app */,
				48ADE9632E2C37C100A39592 /* ChroncurrencyTests.xctest */,
				48ADE96D2E2C37C100A39592 /* ChroncurrencyUITests.xctest */,
			);
			name = Products;
			sourceTree = "<group>";
		};
/* End PBXGroup section */

/* Begin PBXNativeTarget section */
		48ADE9522E2C37C000A39592 /* Chroncurrency */ = {
			isa = PBXNativeTarget;
			buildConfigurationList = 48ADE9772E2C37C100A39592 /* Build configuration list for PBXNativeTarget "Chroncurrency" */;
			buildPhases = (
				48ADE94F2E2C37C000A39592 /* Sources */,
				48ADE9502E2C37C000A39592 /* Frameworks */,
				48ADE9512E2C37C000A39592 /* Resources */,
			);
			buildRules = (
			);
			dependencies = (
			);
			fileSystemSynchronizedGroups = (
				48ADE9552E2C37C000A39592 /* Chroncurrency */,
				48ADE99D2E2C4C6600A39592 /* Sheets */,
			);
			name = Chroncurrency;
			packageProductDependencies = (
			);
			productName = Chroncurrency;
			productReference = 48ADE9532E2C37C000A39592 /* Chroncurrency.app */;
			productType = "com.apple.product-type.application";
		};
		48ADE9622E2C37C100A39592 /* ChroncurrencyTests */ = {
			isa = PBXNativeTarget;
			buildConfigurationList = 48ADE97A2E2C37C100A39592 /* Build configuration list for PBXNativeTarget "ChroncurrencyTests" */;
			buildPhases = (
				48ADE95F2E2C37C100A39592 /* Sources */,
				48ADE9602E2C37C100A39592 /* Frameworks */,
				48ADE9612E2C37C100A39592 /* Resources */,
			);
			buildRules = (
			);
			dependencies = (
				48ADE9652E2C37C100A39592 /* PBXTargetDependency */,
			);
			fileSystemSynchronizedGroups = (
				48ADE9662E2C37C100A39592 /* ChroncurrencyTests */,
			);
			name = ChroncurrencyTests;
			packageProductDependencies = (
			);
			productName = ChroncurrencyTests;
			productReference = 48ADE9632E2C37C100A39592 /* ChroncurrencyTests.xctest */;
			productType = "com.apple.product-type.bundle.unit-test";
		};
		48ADE96C2E2C37C100A39592 /* ChroncurrencyUITests */ = {
			isa = PBXNativeTarget;
			buildConfigurationList = 48ADE97D2E2C37C100A39592 /* Build configuration list for PBXNativeTarget "ChroncurrencyUITests" */;
			buildPhases = (
				48ADE9692E2C37C100A39592 /* Sources */,
				48ADE96A2E2C37C100A39592 /* Frameworks */,
				48ADE96B2E2C37C100A39592 /* Resources */,
			);
			buildRules = (
			);
			dependencies = (
				48ADE96F2E2C37C100A39592 /* PBXTargetDependency */,
			);
			fileSystemSynchronizedGroups = (
				48ADE9702E2C37C100A39592 /* ChroncurrencyUITests */,
			);
			name = ChroncurrencyUITests;
			packageProductDependencies = (
			);
			productName = ChroncurrencyUITests;
			productReference = 48ADE96D2E2C37C100A39592 /* ChroncurrencyUITests.xctest */;
			productType = "com.apple.product-type.bundle.ui-testing";
		};
/* End PBXNativeTarget section */

/* Begin PBXProject section */
		48ADE94B2E2C37C000A39592 /* Project object */ = {
			isa = PBXProject;
			attributes = {
				BuildIndependentTargetsInParallel = 1;
				LastSwiftUpdateCheck = 1610;
				LastUpgradeCheck = 1610;
				TargetAttributes = {
					48ADE9522E2C37C000A39592 = {
						CreatedOnToolsVersion = 16.1;
					};
					48ADE9622E2C37C100A39592 = {
						CreatedOnToolsVersion = 16.1;
						TestTargetID = 48ADE9522E2C37C000A39592;
					};
					48ADE96C2E2C37C100A39592 = {
						CreatedOnToolsVersion = 16.1;
						TestTargetID = 48ADE9522E2C37C000A39592;
					};
				};
			};
			buildConfigurationList = 48ADE94E2E2C37C000A39592 /* Build configuration list for PBXProject "Chroncurrency" */;
			developmentRegion = en;
			hasScannedForEncodings = 0;
			knownRegions = (
				en,
				Base,
			);
			mainGroup = 48ADE94A2E2C37C000A39592;
			minimizedProjectReferenceProxies = 1;
			preferredProjectObjectVersion = 77;
			productRefGroup = 48ADE9542E2C37C000A39592 /* Products */;
			projectDirPath = "";
			projectRoot = "";
			targets = (
				48ADE9522E2C37C000A39592 /* Chroncurrency */,
				48ADE9622E2C37C100A39592 /* ChroncurrencyTests */,
				48ADE96C2E2C37C100A39592 /* ChroncurrencyUITests */,
			);
		};
/* End PBXProject section */

/* Begin PBXResourcesBuildPhase section */
		48ADE9512E2C37C000A39592 /* Resources */ = {
			isa = PBXResourcesBuildPhase;
			buildActionMask = 2147483647;
			files = (
			);
			runOnlyForDeploymentPostprocessing = 0;
		};
		48ADE9612E2C37C100A39592 /* Resources */ = {
			isa = PBXResourcesBuildPhase;
			buildActionMask = 2147483647;
			files = (
			);
			runOnlyForDeploymentPostprocessing = 0;
		};
		48ADE96B2E2C37C100A39592 /* Resources */ = {
			isa = PBXResourcesBuildPhase;
			buildActionMask = 2147483647;
			files = (
			);
			runOnlyForDeploymentPostprocessing = 0;
		};
/* End PBXResourcesBuildPhase section */

/* Begin PBXSourcesBuildPhase section */
		48ADE94F2E2C37C000A39592 /* Sources */ = {
			isa = PBXSourcesBuildPhase;
			buildActionMask = 2147483647;
			files = (
			);
			runOnlyForDeploymentPostprocessing = 0;
		};
		48ADE95F2E2C37C100A39592 /* Sources */ = {
			isa = PBXSourcesBuildPhase;
			buildActionMask = 2147483647;
			files = (
			);
			runOnlyForDeploymentPostprocessing = 0;
		};
		48ADE9692E2C37C100A39592 /* Sources */ = {
			isa = PBXSourcesBuildPhase;
			buildActionMask = 2147483647;
			files = (
			);
			runOnlyForDeploymentPostprocessing = 0;
		};
/* End PBXSourcesBuildPhase section */

/* Begin PBXTargetDependency section */
		48ADE9652E2C37C100A39592 /* PBXTargetDependency */ = {
			isa = PBXTargetDependency;
			target = 48ADE9522E2C37C000A39592 /* Chroncurrency */;
			targetProxy = 48ADE9642E2C37C100A39592 /* PBXContainerItemProxy */;
		};
		48ADE96F2E2C37C100A39592 /* PBXTargetDependency */ = {
			isa = PBXTargetDependency;
			target = 48ADE9522E2C37C000A39592 /* Chroncurrency */;
			targetProxy = 48ADE96E2E2C37C100A39592 /* PBXContainerItemProxy */;
		};
/* End PBXTargetDependency section */

/* Begin XCBuildConfiguration section */
		48ADE9752E2C37C100A39592 /* Debug */ = {
			isa = XCBuildConfiguration;
			buildSettings = {
				ALWAYS_SEARCH_USER_PATHS = NO;
				ASSETCATALOG_COMPILER_GENERATE_SWIFT_ASSET_SYMBOL_EXTENSIONS = YES;
				CLANG_ANALYZER_NONNULL = YES;
				CLANG_ANALYZER_NUMBER_OBJECT_CONVERSION = YES_AGGRESSIVE;
				CLANG_CXX_LANGUAGE_STANDARD = "gnu++20";
				CLANG_ENABLE_MODULES = YES;
				CLANG_ENABLE_OBJC_ARC = YES;
				CLANG_ENABLE_OBJC_WEAK = YES;
				CLANG_WARN_BLOCK_CAPTURE_AUTORELEASING = YES;
				CLANG_WARN_BOOL_CONVERSION = YES;
				CLANG_WARN_COMMA = YES;
				CLANG_WARN_CONSTANT_CONVERSION = YES;
				CLANG_WARN_DEPRECATED_OBJC_IMPLEMENTATIONS = YES;
				CLANG_WARN_DIRECT_OBJC_ISA_USAGE = YES_ERROR;
				CLANG_WARN_DOCUMENTATION_COMMENTS = YES;
				CLANG_WARN_EMPTY_BODY = YES;
				CLANG_WARN_ENUM_CONVERSION = YES;
				CLANG_WARN_INFINITE_RECURSION = YES;
				CLANG_WARN_INT_CONVERSION = YES;
				CLANG_WARN_NON_LITERAL_NULL_CONVERSION = YES;
				CLANG_WARN_OBJC_IMPLICIT_RETAIN_SELF = YES;
				CLANG_WARN_OBJC_LITERAL_CONVERSION = YES;
				CLANG_WARN_OBJC_ROOT_CLASS = YES_ERROR;
				CLANG_WARN_QUOTED_INCLUDE_IN_FRAMEWORK_HEADER = YES;
				CLANG_WARN_RANGE_LOOP_ANALYSIS = YES;
				CLANG_WARN_STRICT_PROTOTYPES = YES;
				CLANG_WARN_SUSPICIOUS_MOVE = YES;
				CLANG_WARN_UNGUARDED_AVAILABILITY = YES_AGGRESSIVE;
				CLANG_WARN_UNREACHABLE_CODE = YES;
				CLANG_WARN__DUPLICATE_METHOD_MATCH = YES;
				COPY_PHASE_STRIP = NO;
				DEBUG_INFORMATION_FORMAT = dwarf;
				ENABLE_STRICT_OBJC_MSGSEND = YES;
				ENABLE_TESTABILITY = YES;
				ENABLE_USER_SCRIPT_SANDBOXING = YES;
				GCC_C_LANGUAGE_STANDARD = gnu17;
				GCC_DYNAMIC_NO_PIC = NO;
				GCC_NO_COMMON_BLOCKS = YES;
				GCC_OPTIMIZATION_LEVEL = 0;
				GCC_PREPROCESSOR_DEFINITIONS = (
					"DEBUG=1",
					"$(inherited)",
				);
				GCC_WARN_64_TO_32_BIT_CONVERSION = YES;
				GCC_WARN_ABOUT_RETURN_TYPE = YES_ERROR;
				GCC_WARN_UNDECLARED_SELECTOR = YES;
				GCC_WARN_UNINITIALIZED_AUTOS = YES_AGGRESSIVE;
				GCC_WARN_UNUSED_FUNCTION = YES;
				GCC_WARN_UNUSED_VARIABLE = YES;
				IPHONEOS_DEPLOYMENT_TARGET = 18.1;
				LOCALIZATION_PREFERS_STRING_CATALOGS = YES;
				MTL_ENABLE_DEBUG_INFO = INCLUDE_SOURCE;
				MTL_FAST_MATH = YES;
				ONLY_ACTIVE_ARCH = YES;
				SDKROOT = iphoneos;
				SWIFT_ACTIVE_COMPILATION_CONDITIONS = "DEBUG $(inherited)";
				SWIFT_OPTIMIZATION_LEVEL = "-Onone";
			};
			name = Debug;
		};
		48ADE9762E2C37C100A39592 /* Release */ = {
			isa = XCBuildConfiguration;
			buildSettings = {
				ALWAYS_SEARCH_USER_PATHS = NO;
				ASSETCATALOG_COMPILER_GENERATE_SWIFT_ASSET_SYMBOL_EXTENSIONS = YES;
				CLANG_ANALYZER_NONNULL = YES;
				CLANG_ANALYZER_NUMBER_OBJECT_CONVERSION = YES_AGGRESSIVE;
				CLANG_CXX_LANGUAGE_STANDARD = "gnu++20";
				CLANG_ENABLE_MODULES = YES;
				CLANG_ENABLE_OBJC_ARC = YES;
				CLANG_ENABLE_OBJC_WEAK = YES;
				CLANG_WARN_BLOCK_CAPTURE_AUTORELEASING = YES;
				CLANG_WARN_BOOL_CONVERSION = YES;
				CLANG_WARN_COMMA = YES;
				CLANG_WARN_CONSTANT_CONVERSION = YES;
				CLANG_WARN_DEPRECATED_OBJC_IMPLEMENTATIONS = YES;
				CLANG_WARN_DIRECT_OBJC_ISA_USAGE = YES_ERROR;
				CLANG_WARN_DOCUMENTATION_COMMENTS = YES;
				CLANG_WARN_EMPTY_BODY = YES;
				CLANG_WARN_ENUM_CONVERSION = YES;
				CLANG_WARN_INFINITE_RECURSION = YES;
				CLANG_WARN_INT_CONVERSION = YES;
				CLANG_WARN_NON_LITERAL_NULL_CONVERSION = YES;
				CLANG_WARN_OBJC_IMPLICIT_RETAIN_SELF = YES;
				CLANG_WARN_OBJC_LITERAL_CONVERSION = YES;
				CLANG_WARN_OBJC_ROOT_CLASS = YES_ERROR;
				CLANG_WARN_QUOTED_INCLUDE_IN_FRAMEWORK_HEADER = YES;
				CLANG_WARN_RANGE_LOOP_ANALYSIS = YES;
				CLANG_WARN_STRICT_PROTOTYPES = YES;
				CLANG_WARN_SUSPICIOUS_MOVE = YES;
				CLANG_WARN_UNGUARDED_AVAILABILITY = YES_AGGRESSIVE;
				CLANG_WARN_UNREACHABLE_CODE = YES;
				CLANG_WARN__DUPLICATE_METHOD_MATCH = YES;
				COPY_PHASE_STRIP = NO;
				DEBUG_INFORMATION_FORMAT = "dwarf-with-dsym";
				ENABLE_NS_ASSERTIONS = NO;
				ENABLE_STRICT_OBJC_MSGSEND = YES;
				ENABLE_USER_SCRIPT_SANDBOXING = YES;
				GCC_C_LANGUAGE_STANDARD = gnu17;
				GCC_NO_COMMON_BLOCKS = YES;
				GCC_WARN_64_TO_32_BIT_CONVERSION = YES;
				GCC_WARN_ABOUT_RETURN_TYPE = YES_ERROR;
				GCC_WARN_UNDECLARED_SELECTOR = YES;
				GCC_WARN_UNINITIALIZED_AUTOS = YES_AGGRESSIVE;
				GCC_WARN_UNUSED_FUNCTION = YES;
				GCC_WARN_UNUSED_VARIABLE = YES;
				IPHONEOS_DEPLOYMENT_TARGET = 18.1;
				LOCALIZATION_PREFERS_STRING_CATALOGS = YES;
				MTL_ENABLE_DEBUG_INFO = NO;
				MTL_FAST_MATH = YES;
				SDKROOT = iphoneos;
				SWIFT_COMPILATION_MODE = wholemodule;
				VALIDATE_PRODUCT = YES;
			};
			name = Release;
		};
		48ADE9782E2C37C100A39592 /* Debug */ = {
			isa = XCBuildConfiguration;
			buildSettings = {
				ASSETCATALOG_COMPILER_APPICON_NAME = AppIcon;
				ASSETCATALOG_COMPILER_GLOBAL_ACCENT_COLOR_NAME = AccentColor;
				CODE_SIGN_STYLE = Automatic;
				CURRENT_PROJECT_VERSION = 1;
				DEVELOPMENT_ASSET_PATHS = "\"Chroncurrency/Preview Content\"";
				ENABLE_PREVIEWS = YES;
				GENERATE_INFOPLIST_FILE = YES;
				INFOPLIST_KEY_UIApplicationSceneManifest_Generation = YES;
				INFOPLIST_KEY_UIApplicationSupportsIndirectInputEvents = YES;
				INFOPLIST_KEY_UILaunchScreen_Generation = YES;
				INFOPLIST_KEY_UISupportedInterfaceOrientations_iPad = "UIInterfaceOrientationPortrait UIInterfaceOrientationPortraitUpsideDown UIInterfaceOrientationLandscapeLeft UIInterfaceOrientationLandscapeRight";
				INFOPLIST_KEY_UISupportedInterfaceOrientations_iPhone = "UIInterfaceOrientationPortrait UIInterfaceOrientationLandscapeLeft UIInterfaceOrientationLandscapeRight";
				LD_RUNPATH_SEARCH_PATHS = (
					"$(inherited)",
					"@executable_path/Frameworks",
				);
				MARKETING_VERSION = 1.0;
				PRODUCT_BUNDLE_IDENTIFIER = aditya.Chroncurrency;
				PRODUCT_NAME = "$(TARGET_NAME)";
				SWIFT_EMIT_LOC_STRINGS = YES;
				SWIFT_VERSION = 5.0;
				TARGETED_DEVICE_FAMILY = "1,2";
			};
			name = Debug;
		};
		48ADE9792E2C37C100A39592 /* Release */ = {
			isa = XCBuildConfiguration;
			buildSettings = {
				ASSETCATALOG_COMPILER_APPICON_NAME = AppIcon;
				ASSETCATALOG_COMPILER_GLOBAL_ACCENT_COLOR_NAME = AccentColor;
				CODE_SIGN_STYLE = Automatic;
				CURRENT_PROJECT_VERSION = 1;
				DEVELOPMENT_ASSET_PATHS = "\"Chroncurrency/Preview Content\"";
				ENABLE_PREVIEWS = YES;
				GENERATE_INFOPLIST_FILE = YES;
				INFOPLIST_KEY_UIApplicationSceneManifest_Generation = YES;
				INFOPLIST_KEY_UIApplicationSupportsIndirectInputEvents = YES;
				INFOPLIST_KEY_UILaunchScreen_Generation = YES;
				INFOPLIST_KEY_UISupportedInterfaceOrientations_iPad = "UIInterfaceOrientationPortrait UIInterfaceOrientationPortraitUpsideDown UIInterfaceOrientationLandscapeLeft UIInterfaceOrientationLandscapeRight";
				INFOPLIST_KEY_UISupportedInterfaceOrientations_iPhone = "UIInterfaceOrientationPortrait UIInterfaceOrientationLandscapeLeft UIInterfaceOrientationLandscapeRight";
				LD_RUNPATH_SEARCH_PATHS = (
					"$(inherited)",
					"@executable_path/Frameworks",
				);
				MARKETING_VERSION = 1.0;
				PRODUCT_BUNDLE_IDENTIFIER = aditya.Chroncurrency;
				PRODUCT_NAME = "$(TARGET_NAME)";
				SWIFT_EMIT_LOC_STRINGS = YES;
				SWIFT_VERSION = 5.0;
				TARGETED_DEVICE_FAMILY = "1,2";
			};
			name = Release;
		};
		48ADE97B2E2C37C100A39592 /* Debug */ = {
			isa = XCBuildConfiguration;
			buildSettings = {
				BUNDLE_LOADER = "$(TEST_HOST)";
				CODE_SIGN_STYLE = Automatic;
				CURRENT_PROJECT_VERSION = 1;
				GENERATE_INFOPLIST_FILE = YES;
				IPHONEOS_DEPLOYMENT_TARGET = 18.1;
				MARKETING_VERSION = 1.0;
				PRODUCT_BUNDLE_IDENTIFIER = aditya.ChroncurrencyTests;
				PRODUCT_NAME = "$(TARGET_NAME)";
				SWIFT_EMIT_LOC_STRINGS = NO;
				SWIFT_VERSION = 5.0;
				TARGETED_DEVICE_FAMILY = "1,2";
				TEST_HOST = "$(BUILT_PRODUCTS_DIR)/Chroncurrency.app/$(BUNDLE_EXECUTABLE_FOLDER_PATH)/Chroncurrency";
			};
			name = Debug;
		};
		48ADE97C2E2C37C100A39592 /* Release */ = {
			isa = XCBuildConfiguration;
			buildSettings = {
				BUNDLE_LOADER = "$(TEST_HOST)";
				CODE_SIGN_STYLE = Automatic;
				CURRENT_PROJECT_VERSION = 1;
				GENERATE_INFOPLIST_FILE = YES;
				IPHONEOS_DEPLOYMENT_TARGET = 18.1;
				MARKETING_VERSION = 1.0;
				PRODUCT_BUNDLE_IDENTIFIER = aditya.ChroncurrencyTests;
				PRODUCT_NAME = "$(TARGET_NAME)";
				SWIFT_EMIT_LOC_STRINGS = NO;
				SWIFT_VERSION = 5.0;
				TARGETED_DEVICE_FAMILY = "1,2";
				TEST_HOST = "$(BUILT_PRODUCTS_DIR)/Chroncurrency.app/$(BUNDLE_EXECUTABLE_FOLDER_PATH)/Chroncurrency";
			};
			name = Release;
		};
		48ADE97E2E2C37C100A39592 /* Debug */ = {
			isa = XCBuildConfiguration;
			buildSettings = {
				CODE_SIGN_STYLE = Automatic;
				CURRENT_PROJECT_VERSION = 1;
				GENERATE_INFOPLIST_FILE = YES;
				MARKETING_VERSION = 1.0;
				PRODUCT_BUNDLE_IDENTIFIER = aditya.ChroncurrencyUITests;
				PRODUCT_NAME = "$(TARGET_NAME)";
				SWIFT_EMIT_LOC_STRINGS = NO;
				SWIFT_VERSION = 5.0;
				TARGETED_DEVICE_FAMILY = "1,2";
				TEST_TARGET_NAME = Chroncurrency;
			};
			name = Debug;
		};
		48ADE97F2E2C37C100A39592 /* Release */ = {
			isa = XCBuildConfiguration;
			buildSettings = {
				CODE_SIGN_STYLE = Automatic;
				CURRENT_PROJECT_VERSION = 1;
				GENERATE_INFOPLIST_FILE = YES;
				MARKETING_VERSION = 1.0;
				PRODUCT_BUNDLE_IDENTIFIER = aditya.ChroncurrencyUITests;
				PRODUCT_NAME = "$(TARGET_NAME)";
				SWIFT_EMIT_LOC_STRINGS = NO;
				SWIFT_VERSION = 5.0;
				TARGETED_DEVICE_FAMILY = "1,2";
				TEST_TARGET_NAME = Chroncurrency;
			};
			name = Release;
		};
/* End XCBuildConfiguration section */

/* Begin XCConfigurationList section */
		48ADE94E2E2C37C000A39592 /* Build configuration list for PBXProject "Chroncurrency" */ = {
			isa = XCConfigurationList;
			buildConfigurations = (
				48ADE9752E2C37C100A39592 /* Debug */,
				48ADE9762E2C37C100A39592 /* Release */,
			);
			defaultConfigurationIsVisible = 0;
			defaultConfigurationName = Release;
		};
		48ADE9772E2C37C100A39592 /* Build configuration list for PBXNativeTarget "Chroncurrency" */ = {
			isa = XCConfigurationList;
			buildConfigurations = (
				48ADE9782E2C37C100A39592 /* Debug */,
				48ADE9792E2C37C100A39592 /* Release */,
			);
			defaultConfigurationIsVisible = 0;
			defaultConfigurationName = Release;
		};
		48ADE97A2E2C37C100A39592 /* Build configuration list for PBXNativeTarget "ChroncurrencyTests" */ = {
			isa = XCConfigurationList;
			buildConfigurations = (
				48ADE97B2E2C37C100A39592 /* Debug */,
				48ADE97C2E2C37C100A39592 /* Release */,
			);
			defaultConfigurationIsVisible = 0;
			defaultConfigurationName = Release;
		};
		48ADE97D2E2C37C100A39592 /* Build configuration list for PBXNativeTarget "ChroncurrencyUITests" */ = {
			isa = XCConfigurationList;
			buildConfigurations = (
				48ADE97E2E2C37C100A39592 /* Debug */,
				48ADE97F2E2C37C100A39592 /* Release */,
			);
			defaultConfigurationIsVisible = 0;
			defaultConfigurationName = Release;
		};
/* End XCConfigurationList section */
	};
	rootObject = 48ADE94B2E2C37C000A39592 /* Project object */;
}
